// !$*UTF8*$!
{
	archiveVersion = 1;
	classes = {
	};
	objectVersion = 77;
	objects = {

/* Begin PBXBuildFile section */
		8418212F2F5D8F4200C80C56 /* GoogleSignIn in Frameworks */ = {isa = PBXBuildFile; productRef = 8418212E2F5D8F4200C80C56 /* GoogleSignIn */; };
		841821312F5D8F4200C80C56 /* GoogleSignInSwift in Frameworks */ = {isa = PBXBuildFile; productRef = 841821302F5D8F4200C80C56 /* GoogleSignInSwift */; };
		84B499EE2F54961C007F0B30 /* FirebaseAnalytics in Frameworks */ = {isa = PBXBuildFile; productRef = 84B499ED2F54961C007F0B30 /* FirebaseAnalytics */; };
		84B499F02F54961C007F0B30 /* FirebaseAuth in Frameworks */ = {isa = PBXBuildFile; productRef = 84B499EF2F54961C007F0B30 /* FirebaseAuth */; };
		84B499F22F54961C007F0B30 /* FirebaseCrashlytics in Frameworks */ = {isa = PBXBuildFile; productRef = 84B499F12F54961C007F0B30 /* FirebaseCrashlytics */; };
		84B499F42F54961C007F0B30 /* FirebaseDatabase in Frameworks */ = {isa = PBXBuildFile; productRef = 84B499F32F54961C007F0B30 /* FirebaseDatabase */; };
		84B499F62F54961C007F0B30 /* FirebaseFirestore in Frameworks */ = {isa = PBXBuildFile; productRef = 84B499F52F54961C007F0B30 /* FirebaseFirestore */; };
		84B499F82F54961C007F0B30 /* FirebaseMessaging in Frameworks */ = {isa = PBXBuildFile; productRef = 84B499F72F54961C007F0B30 /* FirebaseMessaging */; };
		84B499FA2F54961C007F0B30 /* FirebaseRemoteConfig in Frameworks */ = {isa = PBXBuildFile; productRef = 84B499F92F54961C007F0B30 /* FirebaseRemoteConfig */; };
		84B499FC2F54961C007F0B30 /* FirebaseStorage in Frameworks */ = {isa = PBXBuildFile; productRef = 84B499FB2F54961C007F0B30 /* FirebaseStorage */; };
		84B499FF2F560C08007F0B30 /* RiveRuntime in Frameworks */ = {isa = PBXBuildFile; productRef = 84B499FE2F560C08007F0B30 /* RiveRuntime */; };
		84B49A022F560C7D007F0B30 /* Lottie in Frameworks */ = {isa = PBXBuildFile; productRef = 84B49A012F560C7D007F0B30 /* Lottie */; };
/* End PBXBuildFile section */

/* Begin PBXFileReference section */
		84B499DC2F54746F007F0B30 /* RunDom.app */ = {isa = PBXFileReference; explicitFileType = wrapper.application; includeInIndex = 0; path = RunDom.app; sourceTree = BUILT_PRODUCTS_DIR; };
/* End PBXFileReference section */

/* Begin PBXFileSystemSynchronizedBuildFileExceptionSet section */
		84B49A072F561296007F0B30 /* Exceptions for "RunDom" folder in "RunDom" target */ = {
			isa = PBXFileSystemSynchronizedBuildFileExceptionSet;
			membershipExceptions = (
				Info.plist,
			);
			target = 84B499DB2F54746F007F0B30 /* RunDom */;
		};
/* End PBXFileSystemSynchronizedBuildFileExceptionSet section */

/* Begin PBXFileSystemSynchronizedRootGroup section */
		84B499DE2F54746F007F0B30 /* RunDom */ = {
			isa = PBXFileSystemSynchronizedRootGroup;
			exceptions = (
				84B49A072F561296007F0B30 /* Exceptions for "RunDom" folder in "RunDom" target */,
			);
			path = RunDom;
			sourceTree = "<group>";
		};
/* End PBXFileSystemSynchronizedRootGroup section */

/* Begin PBXFrameworksBuildPhase section */
		84B499D92F54746F007F0B30 /* Frameworks */ = {
			isa = PBXFrameworksBuildPhase;
			buildActionMask = 2147483647;
			files = (
				84B499F82F54961C007F0B30 /* FirebaseMessaging in Frameworks */,
				84B499F22F54961C007F0B30 /* FirebaseCrashlytics in Frameworks */,
				8418212F2F5D8F4200C80C56 /* GoogleSignIn in Frameworks */,
				841821312F5D8F4200C80C56 /* GoogleSignInSwift in Frameworks */,
				84B499FF2F560C08007F0B30 /* RiveRuntime in Frameworks */,
				84B499EE2F54961C007F0B30 /* FirebaseAnalytics in Frameworks */,
				84B499FA2F54961C007F0B30 /* FirebaseRemoteConfig in Frameworks */,
				84B49A022F560C7D007F0B30 /* Lottie in Frameworks */,
				84B499F42F54961C007F0B30 /* FirebaseDatabase in Frameworks */,
				84B499FC2F54961C007F0B30 /* FirebaseStorage in Frameworks */,
				84B499F62F54961C007F0B30 /* FirebaseFirestore in Frameworks */,
				84B499F02F54961C007F0B30 /* FirebaseAuth in Frameworks */,
			);
			runOnlyForDeploymentPostprocessing = 0;
		};
/* End PBXFrameworksBuildPhase section */

/* Begin PBXGroup section */
		84B499D32F54746F007F0B30 = {
			isa = PBXGroup;
			children = (
				84B499DE2F54746F007F0B30 /* RunDom */,
				84B499DD2F54746F007F0B30 /* Products */,
			);
			sourceTree = "<group>";
		};
		84B499DD2F54746F007F0B30 /* Products */ = {
			isa = PBXGroup;
			children = (
				84B499DC2F54746F007F0B30 /* RunDom.app */,
			);
			name = Products;
			sourceTree = "<group>";
		};
/* End PBXGroup section */

/* Begin PBXNativeTarget section */
		84B499DB2F54746F007F0B30 /* RunDom */ = {
			isa = PBXNativeTarget;
			buildConfigurationList = 84B499E72F547470007F0B30 /* Build configuration list for PBXNativeTarget "RunDom" */;
			buildPhases = (
				84B499D82F54746F007F0B30 /* Sources */,
				84B499D92F54746F007F0B30 /* Frameworks */,
				84B499DA2F54746F007F0B30 /* Resources */,
			);
			buildRules = (
			);
			dependencies = (
			);
			fileSystemSynchronizedGroups = (
				84B499DE2F54746F007F0B30 /* RunDom */,
			);
			name = RunDom;
			packageProductDependencies = (
				84B499ED2F54961C007F0B30 /* FirebaseAnalytics */,
				84B499EF2F54961C007F0B30 /* FirebaseAuth */,
				84B499F12F54961C007F0B30 /* FirebaseCrashlytics */,
				84B499F32F54961C007F0B30 /* FirebaseDatabase */,
				84B499F52F54961C007F0B30 /* FirebaseFirestore */,
				84B499F72F54961C007F0B30 /* FirebaseMessaging */,
				84B499F92F54961C007F0B30 /* FirebaseRemoteConfig */,
				84B499FB2F54961C007F0B30 /* FirebaseStorage */,
				84B499FE2F560C08007F0B30 /* RiveRuntime */,
				84B49A012F560C7D007F0B30 /* Lottie */,
				8418212E2F5D8F4200C80C56 /* GoogleSignIn */,
				841821302F5D8F4200C80C56 /* GoogleSignInSwift */,
			);
			productName = RunDom;
			productReference = 84B499DC2F54746F007F0B30 /* RunDom.app */;
			productType = "com.apple.product-type.application";
		};
/* End PBXNativeTarget section */

/* Begin PBXProject section */
		84B499D42F54746F007F0B30 /* Project object */ = {
			isa = PBXProject;
			attributes = {
				BuildIndependentTargetsInParallel = 1;
				LastSwiftUpdateCheck = 1630;
				LastUpgradeCheck = 1630;
				TargetAttributes = {
					84B499DB2F54746F007F0B30 = {
						CreatedOnToolsVersion = 16.3;
					};
				};
			};
			buildConfigurationList = 84B499D72F54746F007F0B30 /* Build configuration list for PBXProject "RunDom" */;
			developmentRegion = en;
			hasScannedForEncodings = 0;
			knownRegions = (
				en,
				Base,
				tr,
			);
			mainGroup = 84B499D32F54746F007F0B30;
			minimizedProjectReferenceProxies = 1;
			packageReferences = (
				84B499EC2F54961C007F0B30 /* XCRemoteSwiftPackageReference "firebase-ios-sdk" */,
				84B499FD2F560C08007F0B30 /* XCRemoteSwiftPackageReference "rive-ios" */,
				84B49A002F560C7D007F0B30 /* XCRemoteSwiftPackageReference "lottie-spm" */,
				8418212D2F5D8F4200C80C56 /* XCRemoteSwiftPackageReference "GoogleSignIn-iOS" */,
			);
			preferredProjectObjectVersion = 77;
			productRefGroup = 84B499DD2F54746F007F0B30 /* Products */;
			projectDirPath = "";
			projectRoot = "";
			targets = (
				84B499DB2F54746F007F0B30 /* RunDom */,
			);
		};
/* End PBXProject section */

/* Begin PBXResourcesBuildPhase section */
		84B499DA2F54746F007F0B30 /* Resources */ = {
			isa = PBXResourcesBuildPhase;
			buildActionMask = 2147483647;
			files = (
			);
			runOnlyForDeploymentPostprocessing = 0;
		};
/* End PBXResourcesBuildPhase section */

/* Begin PBXSourcesBuildPhase section */
		84B499D82F54746F007F0B30 /* Sources */ = {
			isa = PBXSourcesBuildPhase;
			buildActionMask = 2147483647;
			files = (
			);
			runOnlyForDeploymentPostprocessing = 0;
		};
/* End PBXSourcesBuildPhase section */

/* Begin XCBuildConfiguration section */
		84B499E52F547470007F0B30 /* Debug */ = {
			isa = XCBuildConfiguration;
			buildSettings = {
				ALWAYS_SEARCH_USER_PATHS = NO;
				ASSETCATALOG_COMPILER_GENERATE_SWIFT_ASSET_SYMBOL_EXTENSIONS = YES;
				CLANG_ANALYZER_NONNULL = YES;
				CLANG_ANALYZER_NUMBER_OBJECT_CONVERSION = YES_AGGRESSIVE;
				CLANG_CXX_LANGUAGE_STANDARD = "gnu++20";
				CLANG_ENABLE_MODULES = YES;
				CLANG_ENABLE_OBJC_ARC = YES;
				CLANG_ENABLE_OBJC_WEAK = YES;
				CLANG_WARN_BLOCK_CAPTURE_AUTORELEASING = YES;
				CLANG_WARN_BOOL_CONVERSION = YES;
				CLANG_WARN_COMMA = YES;
				CLANG_WARN_CONSTANT_CONVERSION = YES;
				CLANG_WARN_DEPRECATED_OBJC_IMPLEMENTATIONS = YES;
				CLANG_WARN_DIRECT_OBJC_ISA_USAGE = YES_ERROR;
				CLANG_WARN_DOCUMENTATION_COMMENTS = YES;
				CLANG_WARN_EMPTY_BODY = YES;
				CLANG_WARN_ENUM_CONVERSION = YES;
				CLANG_WARN_INFINITE_RECURSION = YES;
				CLANG_WARN_INT_CONVERSION = YES;
				CLANG_WARN_NON_LITERAL_NULL_CONVERSION = YES;
				CLANG_WARN_OBJC_IMPLICIT_RETAIN_SELF = YES;
				CLANG_WARN_OBJC_LITERAL_CONVERSION = YES;
				CLANG_WARN_OBJC_ROOT_CLASS = YES_ERROR;
				CLANG_WARN_QUOTED_INCLUDE_IN_FRAMEWORK_HEADER = YES;
				CLANG_WARN_RANGE_LOOP_ANALYSIS = YES;
				CLANG_WARN_STRICT_PROTOTYPES = YES;
				CLANG_WARN_SUSPICIOUS_MOVE = YES;
				CLANG_WARN_UNGUARDED_AVAILABILITY = YES_AGGRESSIVE;
				CLANG_WARN_UNREACHABLE_CODE = YES;
				CLANG_WARN__DUPLICATE_METHOD_MATCH = YES;
				COPY_PHASE_STRIP = NO;
				DEBUG_INFORMATION_FORMAT = dwarf;
				DEVELOPMENT_TEAM = DDAHQ489DT;
				ENABLE_STRICT_OBJC_MSGSEND = YES;
				ENABLE_TESTABILITY = YES;
				ENABLE_USER_SCRIPT_SANDBOXING = YES;
				GCC_C_LANGUAGE_STANDARD = gnu17;
				GCC_DYNAMIC_NO_PIC = NO;
				GCC_NO_COMMON_BLOCKS = YES;
				GCC_OPTIMIZATION_LEVEL = 0;
				GCC_PREPROCESSOR_DEFINITIONS = (
					"DEBUG=1",
					"$(inherited)",
				);
				GCC_WARN_64_TO_32_BIT_CONVERSION = YES;
				GCC_WARN_ABOUT_RETURN_TYPE = YES_ERROR;
				GCC_WARN_UNDECLARED_SELECTOR = YES;
				GCC_WARN_UNINITIALIZED_AUTOS = YES_AGGRESSIVE;
				GCC_WARN_UNUSED_FUNCTION = YES;
				GCC_WARN_UNUSED_VARIABLE = YES;
				IPHONEOS_DEPLOYMENT_TARGET = 18.4;
				LOCALIZATION_PREFERS_STRING_CATALOGS = YES;
				MTL_ENABLE_DEBUG_INFO = INCLUDE_SOURCE;
				MTL_FAST_MATH = YES;
				ONLY_ACTIVE_ARCH = YES;
				SDKROOT = iphoneos;
				SWIFT_ACTIVE_COMPILATION_CONDITIONS = "DEBUG $(inherited)";
				SWIFT_OPTIMIZATION_LEVEL = "-Onone";
			};
			name = Debug;
		};
		84B499E62F547470007F0B30 /* Release */ = {
			isa = XCBuildConfiguration;
			buildSettings = {
				ALWAYS_SEARCH_USER_PATHS = NO;
				ASSETCATALOG_COMPILER_GENERATE_SWIFT_ASSET_SYMBOL_EXTENSIONS = YES;
				CLANG_ANALYZER_NONNULL = YES;
				CLANG_ANALYZER_NUMBER_OBJECT_CONVERSION = YES_AGGRESSIVE;
				CLANG_CXX_LANGUAGE_STANDARD = "gnu++20";
				CLANG_ENABLE_MODULES = YES;
				CLANG_ENABLE_OBJC_ARC = YES;
				CLANG_ENABLE_OBJC_WEAK = YES;
				CLANG_WARN_BLOCK_CAPTURE_AUTORELEASING = YES;
				CLANG_WARN_BOOL_CONVERSION = YES;
				CLANG_WARN_COMMA = YES;
				CLANG_WARN_CONSTANT_CONVERSION = YES;
				CLANG_WARN_DEPRECATED_OBJC_IMPLEMENTATIONS = YES;
				CLANG_WARN_DIRECT_OBJC_ISA_USAGE = YES_ERROR;
				CLANG_WARN_DOCUMENTATION_COMMENTS = YES;
				CLANG_WARN_EMPTY_BODY = YES;
				CLANG_WARN_ENUM_CONVERSION = YES;
				CLANG_WARN_INFINITE_RECURSION = YES;
				CLANG_WARN_INT_CONVERSION = YES;
				CLANG_WARN_NON_LITERAL_NULL_CONVERSION = YES;
				CLANG_WARN_OBJC_IMPLICIT_RETAIN_SELF = YES;
				CLANG_WARN_OBJC_LITERAL_CONVERSION = YES;
				CLANG_WARN_OBJC_ROOT_CLASS = YES_ERROR;
				CLANG_WARN_QUOTED_INCLUDE_IN_FRAMEWORK_HEADER = YES;
				CLANG_WARN_RANGE_LOOP_ANALYSIS = YES;
				CLANG_WARN_STRICT_PROTOTYPES = YES;
				CLANG_WARN_SUSPICIOUS_MOVE = YES;
				CLANG_WARN_UNGUARDED_AVAILABILITY = YES_AGGRESSIVE;
				CLANG_WARN_UNREACHABLE_CODE = YES;
				CLANG_WARN__DUPLICATE_METHOD_MATCH = YES;
				COPY_PHASE_STRIP = NO;
				DEBUG_INFORMATION_FORMAT = "dwarf-with-dsym";
				DEVELOPMENT_TEAM = DDAHQ489DT;
				ENABLE_NS_ASSERTIONS = NO;
				ENABLE_STRICT_OBJC_MSGSEND = YES;
				ENABLE_USER_SCRIPT_SANDBOXING = YES;
				GCC_C_LANGUAGE_STANDARD = gnu17;
				GCC_NO_COMMON_BLOCKS = YES;
				GCC_WARN_64_TO_32_BIT_CONVERSION = YES;
				GCC_WARN_ABOUT_RETURN_TYPE = YES_ERROR;
				GCC_WARN_UNDECLARED_SELECTOR = YES;
				GCC_WARN_UNINITIALIZED_AUTOS = YES_AGGRESSIVE;
				GCC_WARN_UNUSED_FUNCTION = YES;
				GCC_WARN_UNUSED_VARIABLE = YES;
				IPHONEOS_DEPLOYMENT_TARGET = 18.4;
				LOCALIZATION_PREFERS_STRING_CATALOGS = YES;
				MTL_ENABLE_DEBUG_INFO = NO;
				MTL_FAST_MATH = YES;
				SDKROOT = iphoneos;
				SWIFT_COMPILATION_MODE = wholemodule;
				VALIDATE_PRODUCT = YES;
			};
			name = Release;
		};
		84B499E82F547470007F0B30 /* Debug */ = {
			isa = XCBuildConfiguration;
			buildSettings = {
				ASSETCATALOG_COMPILER_APPICON_NAME = AppIcon;
				ASSETCATALOG_COMPILER_GLOBAL_ACCENT_COLOR_NAME = AccentColor;
				CODE_SIGN_ENTITLEMENTS = RunDom/RunDom.entitlements;
				CODE_SIGN_STYLE = Automatic;
				CURRENT_PROJECT_VERSION = 1;
				DEVELOPMENT_TEAM = DDAHQ489DT;
				ENABLE_PREVIEWS = YES;
				GENERATE_INFOPLIST_FILE = YES;
				INFOPLIST_FILE = RunDom/Info.plist;
				INFOPLIST_KEY_NSLocationAlwaysAndWhenInUseUsageDescription = "RunDom koşu sırasında konumunuzu kullanır.";
				INFOPLIST_KEY_NSLocationWhenInUseUsageDescription = "RunDom haritada konumunuzu göstermek için kullanır.";
				INFOPLIST_KEY_NSMotionUsageDescription = "RunDom hareket verilerinizi doğrulamak için kullanır.";
				INFOPLIST_KEY_UIApplicationSceneManifest_Generation = YES;
				INFOPLIST_KEY_UIApplicationSupportsIndirectInputEvents = YES;
				INFOPLIST_KEY_UILaunchScreen_Generation = YES;
				INFOPLIST_KEY_UISupportedInterfaceOrientations_iPad = "UIInterfaceOrientationPortrait UIInterfaceOrientationPortraitUpsideDown UIInterfaceOrientationLandscapeLeft UIInterfaceOrientationLandscapeRight";
				INFOPLIST_KEY_UISupportedInterfaceOrientations_iPhone = "UIInterfaceOrientationPortrait UIInterfaceOrientationLandscapeLeft UIInterfaceOrientationLandscapeRight";
				LD_RUNPATH_SEARCH_PATHS = (
					"$(inherited)",
					"@executable_path/Frameworks",
				);
				MARKETING_VERSION = 1.0;
				PRODUCT_BUNDLE_IDENTIFIER = com.mertmazici.RunDom;
				PRODUCT_NAME = "$(TARGET_NAME)";
				SWIFT_EMIT_LOC_STRINGS = YES;
				SWIFT_VERSION = 5.0;
				TARGETED_DEVICE_FAMILY = "1,2";
			};
			name = Debug;
		};
		84B499E92F547470007F0B30 /* Release */ = {
			isa = XCBuildConfiguration;
			buildSettings = {
				ASSETCATALOG_COMPILER_APPICON_NAME = AppIcon;
				ASSETCATALOG_COMPILER_GLOBAL_ACCENT_COLOR_NAME = AccentColor;
				CODE_SIGN_ENTITLEMENTS = RunDom/RunDom.entitlements;
				CODE_SIGN_STYLE = Automatic;
				CURRENT_PROJECT_VERSION = 1;
				DEVELOPMENT_TEAM = DDAHQ489DT;
				ENABLE_PREVIEWS = YES;
				GENERATE_INFOPLIST_FILE = YES;
				INFOPLIST_FILE = RunDom/Info.plist;
				INFOPLIST_KEY_NSLocationAlwaysAndWhenInUseUsageDescription = "RunDom koşu sırasında konumunuzu kullanır.";
				INFOPLIST_KEY_NSLocationWhenInUseUsageDescription = "RunDom haritada konumunuzu göstermek için kullanır.";
				INFOPLIST_KEY_NSMotionUsageDescription = "RunDom hareket verilerinizi doğrulamak için kullanır.";
				INFOPLIST_KEY_UIApplicationSceneManifest_Generation = YES;
				INFOPLIST_KEY_UIApplicationSupportsIndirectInputEvents = YES;
				INFOPLIST_KEY_UILaunchScreen_Generation = YES;
				INFOPLIST_KEY_UISupportedInterfaceOrientations_iPad = "UIInterfaceOrientationPortrait UIInterfaceOrientationPortraitUpsideDown UIInterfaceOrientationLandscapeLeft UIInterfaceOrientationLandscapeRight";
				INFOPLIST_KEY_UISupportedInterfaceOrientations_iPhone = "UIInterfaceOrientationPortrait UIInterfaceOrientationLandscapeLeft UIInterfaceOrientationLandscapeRight";
				LD_RUNPATH_SEARCH_PATHS = (
					"$(inherited)",
					"@executable_path/Frameworks",
				);
				MARKETING_VERSION = 1.0;
				PRODUCT_BUNDLE_IDENTIFIER = com.mertmazici.RunDom;
				PRODUCT_NAME = "$(TARGET_NAME)";
				SWIFT_EMIT_LOC_STRINGS = YES;
				SWIFT_VERSION = 5.0;
				TARGETED_DEVICE_FAMILY = "1,2";
			};
			name = Release;
		};
/* End XCBuildConfiguration section */

/* Begin XCConfigurationList section */
		84B499D72F54746F007F0B30 /* Build configuration list for PBXProject "RunDom" */ = {
			isa = XCConfigurationList;
			buildConfigurations = (
				84B499E52F547470007F0B30 /* Debug */,
				84B499E62F547470007F0B30 /* Release */,
			);
			defaultConfigurationIsVisible = 0;
			defaultConfigurationName = Release;
		};
		84B499E72F547470007F0B30 /* Build configuration list for PBXNativeTarget "RunDom" */ = {
			isa = XCConfigurationList;
			buildConfigurations = (
				84B499E82F547470007F0B30 /* Debug */,
				84B499E92F547470007F0B30 /* Release */,
			);
			defaultConfigurationIsVisible = 0;
			defaultConfigurationName = Release;
		};
/* End XCConfigurationList section */

/* Begin XCRemoteSwiftPackageReference section */
		8418212D2F5D8F4200C80C56 /* XCRemoteSwiftPackageReference "GoogleSignIn-iOS" */ = {
			isa = XCRemoteSwiftPackageReference;
			repositoryURL = "https://github.com/google/GoogleSignIn-iOS";
			requirement = {
				kind = upToNextMajorVersion;
				minimumVersion = 9.1.0;
			};
		};
		84B499EC2F54961C007F0B30 /* XCRemoteSwiftPackageReference "firebase-ios-sdk" */ = {
			isa = XCRemoteSwiftPackageReference;
			repositoryURL = "https://github.com/firebase/firebase-ios-sdk";
			requirement = {
				kind = upToNextMajorVersion;
				minimumVersion = 12.10.0;
			};
		};
		84B499FD2F560C08007F0B30 /* XCRemoteSwiftPackageReference "rive-ios" */ = {
			isa = XCRemoteSwiftPackageReference;
			repositoryURL = "https://github.com/rive-app/rive-ios";
			requirement = {
				kind = upToNextMajorVersion;
				minimumVersion = 6.15.2;
			};
		};
		84B49A002F560C7D007F0B30 /* XCRemoteSwiftPackageReference "lottie-spm" */ = {
			isa = XCRemoteSwiftPackageReference;
			repositoryURL = "https://github.com/airbnb/lottie-spm";
			requirement = {
				kind = upToNextMajorVersion;
				minimumVersion = 4.6.0;
			};
		};
/* End XCRemoteSwiftPackageReference section */

/* Begin XCSwiftPackageProductDependency section */
		8418212E2F5D8F4200C80C56 /* GoogleSignIn */ = {
			isa = XCSwiftPackageProductDependency;
			package = 8418212D2F5D8F4200C80C56 /* XCRemoteSwiftPackageReference "GoogleSignIn-iOS" */;
			productName = GoogleSignIn;
		};
		841821302F5D8F4200C80C56 /* GoogleSignInSwift */ = {
			isa = XCSwiftPackageProductDependency;
			package = 8418212D2F5D8F4200C80C56 /* XCRemoteSwiftPackageReference "GoogleSignIn-iOS" */;
			productName = GoogleSignInSwift;
		};
		84B499ED2F54961C007F0B30 /* FirebaseAnalytics */ = {
			isa = XCSwiftPackageProductDependency;
			package = 84B499EC2F54961C007F0B30 /* XCRemoteSwiftPackageReference "firebase-ios-sdk" */;
			productName = FirebaseAnalytics;
		};
		84B499EF2F54961C007F0B30 /* FirebaseAuth */ = {
			isa = XCSwiftPackageProductDependency;
			package = 84B499EC2F54961C007F0B30 /* XCRemoteSwiftPackageReference "firebase-ios-sdk" */;
			productName = FirebaseAuth;
		};
		84B499F12F54961C007F0B30 /* FirebaseCrashlytics */ = {
			isa = XCSwiftPackageProductDependency;
			package = 84B499EC2F54961C007F0B30 /* XCRemoteSwiftPackageReference "firebase-ios-sdk" */;
			productName = FirebaseCrashlytics;
		};
		84B499F32F54961C007F0B30 /* FirebaseDatabase */ = {
			isa = XCSwiftPackageProductDependency;
			package = 84B499EC2F54961C007F0B30 /* XCRemoteSwiftPackageReference "firebase-ios-sdk" */;
			productName = FirebaseDatabase;
		};
		84B499F52F54961C007F0B30 /* FirebaseFirestore */ = {
			isa = XCSwiftPackageProductDependency;
			package = 84B499EC2F54961C007F0B30 /* XCRemoteSwiftPackageReference "firebase-ios-sdk" */;
			productName = FirebaseFirestore;
		};
		84B499F72F54961C007F0B30 /* FirebaseMessaging */ = {
			isa = XCSwiftPackageProductDependency;
			package = 84B499EC2F54961C007F0B30 /* XCRemoteSwiftPackageReference "firebase-ios-sdk" */;
			productName = FirebaseMessaging;
		};
		84B499F92F54961C007F0B30 /* FirebaseRemoteConfig */ = {
			isa = XCSwiftPackageProductDependency;
			package = 84B499EC2F54961C007F0B30 /* XCRemoteSwiftPackageReference "firebase-ios-sdk" */;
			productName = FirebaseRemoteConfig;
		};
		84B499FB2F54961C007F0B30 /* FirebaseStorage */ = {
			isa = XCSwiftPackageProductDependency;
			package = 84B499EC2F54961C007F0B30 /* XCRemoteSwiftPackageReference "firebase-ios-sdk" */;
			productName = FirebaseStorage;
		};
		84B499FE2F560C08007F0B30 /* RiveRuntime */ = {
			isa = XCSwiftPackageProductDependency;
			package = 84B499FD2F560C08007F0B30 /* XCRemoteSwiftPackageReference "rive-ios" */;
			productName = RiveRuntime;
		};
		84B49A012F560C7D007F0B30 /* Lottie */ = {
			isa = XCSwiftPackageProductDependency;
			package = 84B49A002F560C7D007F0B30 /* XCRemoteSwiftPackageReference "lottie-spm" */;
			productName = Lottie;
		};
/* End XCSwiftPackageProductDependency section */
	};
	rootObject = 84B499D42F54746F007F0B30 /* Project object */;
}
